
Microsoft Visual Studio Solution File, Format Version 12.00
# Visual Studio Version 16
VisualStudioVersion = 16.0.31613.86
MinimumVisualStudioVersion = 10.0.40219.1
Project("{FAE04EC0-301F-11D3-BF4B-00C04F79EFBC}") = "Lab02-01", "Lab02-01.csproj", "{2F13FDF8-0B6D-4984-A081-3C9B1D987961}"
EndProject
Global
	GlobalSection(SolutionConfigurationPlatforms) = preSolution
		Debug|Any CPU = Debug|Any CPU
		Release|Any CPU = Release|Any CPU
	EndGlobalSection
	GlobalSection(ProjectConfigurationPlatforms) = postSolution
		{2F13FDF8-0B6D-4984-A081-3C9B1D987961}.Debug|Any CPU.ActiveCfg = Debug|Any CPU
		{2F13FDF8-0B6D-4984-A081-3C9B1D987961}.Debug|Any CPU.Build.0 = Debug|Any CPU
		{2F13FDF8-0B6D-4984-A081-3C9B1D987961}.Release|Any CPU.ActiveCfg = Release|Any CPU
		{2F13FDF8-0B6D-4984-A081-3C9B1D987961}.Release|Any CPU.Build.0 = Release|Any CPU
	EndGlobalSection
	GlobalSection(SolutionProperties) = preSolution
		HideSolutionNode = FALSE
	EndGlobalSection
	GlobalSection(ExtensibilityGlobals) = postSolution
		SolutionGuid = {17966568-20CC-46E9-99A6-57D50B35131C}
	EndGlobalSection
EndGlobal
